# @generated - this file is auto-generated by `mise lock` https://mise.jdx.dev/dev-tools/mise-lock.html

[[tools.actionlint]]
version = "1.7.12"
backend = "aqua:rhysd/actionlint"

[tools.actionlint."platforms.linux-arm64"]
checksum = "sha256:325e971b6ba9bfa504672e29be93c24981eeb1c07576d730e9f7c8805afff0c6"
url = "https://github.com/rhysd/actionlint/releases/download/v1.7.12/actionlint_1.7.12_linux_arm64.tar.gz"

[tools.actionlint."platforms.linux-x64"]
checksum = "sha256:8aca8db96f1b94770f1b0d72b6dddcb1ebb8123cb3712530b08cc387b349a3d8"
url = "https://github.com/rhysd/actionlint/releases/download/v1.7.12/actionlint_1.7.12_linux_amd64.tar.gz"

[tools.actionlint."platforms.macos-arm64"]
checksum = "sha256:aba9ced2dee8d27fecca3dc7feb1a7f9a52caefa1eb46f3271ea66b6e0e6953f"
url = "https://github.com/rhysd/actionlint/releases/download/v1.7.12/actionlint_1.7.12_darwin_arm64.tar.gz"

[tools.actionlint."platforms.macos-x64"]
checksum = "sha256:5b44c3bc2255115c9b69e30efc0fecdf498fdb63c5d58e17084fd5f16324c644"
url = "https://github.com/rhysd/actionlint/releases/download/v1.7.12/actionlint_1.7.12_darwin_amd64.tar.gz"

[[tools.cocogitto]]
version = "7.0.0"
backend = "aqua:cocogitto/cocogitto"

[tools.cocogitto."platforms.linux-arm64"]
checksum = "sha256:379949f50c4f8245ef9532913e83f351c048b55e40ebd52ed8a850642c07a753"
url = "https://github.com/cocogitto/cocogitto/releases/download/7.0.0/cocogitto-7.0.0-aarch64-unknown-linux-gnu.tar.gz"

[tools.cocogitto."platforms.linux-x64"]
checksum = "sha256:e03938ff2c4c86d71c00c0f3284dbbe95c5ca76fe34a51f33e945c23010d59bb"
url = "https://github.com/cocogitto/cocogitto/releases/download/7.0.0/cocogitto-7.0.0-x86_64-unknown-linux-musl.tar.gz"

[tools.cocogitto."platforms.macos-arm64"]
checksum = "sha256:429303b6d68c6461aa221ab4de82b26d0bbcdee7127947ea9c7c411ab9bc574c"
url = "https://github.com/cocogitto/cocogitto/releases/download/7.0.0/cocogitto-7.0.0-aarch64-apple-darwin.tar.gz"

[tools.cocogitto."platforms.macos-x64"]
checksum = "sha256:591dcd462e2e35ecc21caf41a15a65d464b7ce1ce8a5c299fa0d46a7798dddb0"
url = "https://github.com/cocogitto/cocogitto/releases/download/7.0.0/cocogitto-7.0.0-x86_64-apple-darwin.tar.gz"

[[tools.gitleaks]]
version = "8.30.1"
backend = "aqua:gitleaks/gitleaks"

[tools.gitleaks."platforms.linux-arm64"]
checksum = "sha256:e4a487ee7ccd7d3a7f7ec08657610aa3606637dab924210b3aee62570fb4b080"
url = "https://github.com/gitleaks/gitleaks/releases/download/v8.30.1/gitleaks_8.30.1_linux_arm64.tar.gz"

[tools.gitleaks."platforms.linux-x64"]
checksum = "sha256:551f6fc83ea457d62a0d98237cbad105af8d557003051f41f3e7ca7b3f2470eb"
url = "https://github.com/gitleaks/gitleaks/releases/download/v8.30.1/gitleaks_8.30.1_linux_x64.tar.gz"

[tools.gitleaks."platforms.macos-arm64"]
checksum = "sha256:b40ab0ae55c505963e365f271a8d3846efbc170aa17f2607f13df610a9aeb6a5"
url = "https://github.com/gitleaks/gitleaks/releases/download/v8.30.1/gitleaks_8.30.1_darwin_arm64.tar.gz"

[tools.gitleaks."platforms.macos-x64"]
checksum = "sha256:dfe101a4db2255fc85120ac7f3d25e4342c3c20cf749f2c20a18081af1952709"
url = "https://github.com/gitleaks/gitleaks/releases/download/v8.30.1/gitleaks_8.30.1_darwin_x64.tar.gz"

[[tools.markdownlint-cli2]]
version = "0.23.0"
backend = "npm:markdownlint-cli2"

[[tools."pipx:pre-commit-hooks"]]
version = "6.0.0"
backend = "pipx:pre-commit-hooks"

[[tools.ruff]]
version = "0.15.20"
backend = "aqua:astral-sh/ruff"

[tools.ruff."platforms.linux-arm64"]
checksum = "sha256:2e06ebae862dce74eb7b084081621f2d4183e18e60cb074e7906f862869fa1b6"
url = "https://github.com/astral-sh/ruff/releases/download/0.15.20/ruff-aarch64-unknown-linux-musl.tar.gz"

[tools.ruff."platforms.linux-x64"]
checksum = "sha256:0715560b2402024b529a4ffd6ea7d3814a090eb255a6216259fb192823be3ad8"
url = "https://github.com/astral-sh/ruff/releases/download/0.15.20/ruff-x86_64-unknown-linux-musl.tar.gz"

[tools.ruff."platforms.macos-arm64"]
checksum = "sha256:cb41c48690c113dc08470e64103ce65ca15249c6ce3495d3ac792b329a83e8c1"
url = "https://github.com/astral-sh/ruff/releases/download/0.15.20/ruff-aarch64-apple-darwin.tar.gz"

[tools.ruff."platforms.macos-x64"]
checksum = "sha256:36b91219b3aae00464e2a4fa361766abd47d0402ac88fbe6da5de44285738386"
url = "https://github.com/astral-sh/ruff/releases/download/0.15.20/ruff-x86_64-apple-darwin.tar.gz"

[[tools.uv]]
version = "0.11.26"
backend = "aqua:astral-sh/uv"

[tools.uv."platforms.linux-arm64"]
checksum = "sha256:47418cfdb34b1ca42e503da72631ac8c475602e2411ac6c39aa84c2373fe6324"
url = "https://github.com/astral-sh/uv/releases/download/0.11.26/uv-aarch64-unknown-linux-musl.tar.gz"

[tools.uv."platforms.linux-x64"]
checksum = "sha256:62bf1a53501adf4083224b69b33737450ac516935f5a5e483e9dfaf2665084de"
url = "https://github.com/astral-sh/uv/releases/download/0.11.26/uv-x86_64-unknown-linux-musl.tar.gz"

[tools.uv."platforms.macos-arm64"]
checksum = "sha256:8f7fbf1708399b921857bce71e1d60f0d3ccf52a30caebc1c1a2f175dce13ab6"
url = "https://github.com/astral-sh/uv/releases/download/0.11.26/uv-aarch64-apple-darwin.tar.gz"

[tools.uv."platforms.macos-x64"]
checksum = "sha256:922b460202707dd5f4ccacbadbe7f6a546cc46e82a99bf50ca99a7977a78eddd"
url = "https://github.com/astral-sh/uv/releases/download/0.11.26/uv-x86_64-apple-darwin.tar.gz"

[[tools.yamllint]]
version = "1.38.0"
backend = "pipx:yamllint"
